<?xml version="1.0" encoding="UTF-8"?>
<Scheme
   LastUpgradeVersion = "0630"
   version = "2.0">
   <BuildAction
      parallelizeBuildables = "YES"
      buildImplicitDependencies = "YES">
      <BuildActionEntries>
         <BuildActionEntry
            buildForTesting = "YES"
            buildForRunning = "YES"
            buildForProfiling = "YES"
            buildForArchiving = "YES"
            buildForAnalyzing = "YES">
            <BuildableReference
               BuildableIdentifier = "primary"
               BlueprintIdentifier = "E4D23C251B309421007EC846"
               BuildableName = "Z8Remote WatchKit App.app"
               BlueprintName = "Z8Remote WatchKit App"
               ReferencedContainer = "container:Z8Remote.xcodeproj">
            </BuildableReference>
         </BuildActionEntry>
         <BuildActionEntry
            buildForTesting = "YES"
            buildForRunning = "YES"
            buildForProfiling = "YES"
            buildForArchiving = "YES"
            buildForAnalyzing = "YES">
            <BuildableReference
               BuildableIdentifier = "primary"
               BlueprintIdentifier = "E4D23C171B309421007EC846"
               BuildableName = "Z8Remote WatchKit Extension.appex"
               BlueprintName = "Z8Remote WatchKit Extension"
               ReferencedContainer = "container:Z8Remote.xcodeproj">
            </BuildableReference>
         </BuildActionEntry>
         <BuildActionEntry
            buildForTesting = "YES"
            buildForRunning = "YES"
            buildForProfiling = "YES"
            buildForArchiving = "YES"
            buildForAnalyzing = "YES">
            <BuildableReference
               BuildableIdentifier = "primary"
               BlueprintIdentifier = "E4D23BEA1B3093FC007EC846"
               BuildableName = "Z8Remote.app"
               BlueprintName = "Z8Remote"
               ReferencedContainer = "container:Z8Remote.xcodeproj">
            </BuildableReference>
         </BuildActionEntry>
      </BuildActionEntries>
   </BuildAction>
   <TestAction
      selectedDebuggerIdentifier = "Xcode.DebuggerFoundation.Debugger.LLDB"
      selectedLauncherIdentifier = "Xcode.DebuggerFoundation.Launcher.LLDB"
      shouldUseLaunchSchemeArgsEnv = "YES"
      buildConfiguration = "Debug">
      <Testables>
      </Testables>
      <MacroExpansion>
         <BuildableReference
            BuildableIdentifier = "primary"
            BlueprintIdentifier = "E4D23C251B309421007EC846"
            BuildableName = "Z8Remote WatchKit App.app"
            BlueprintName = "Z8Remote WatchKit App"
            ReferencedContainer = "container:Z8Remote.xcodeproj">
         </BuildableReference>
      </MacroExpansion>
   </TestAction>
   <LaunchAction
      selectedDebuggerIdentifier = "Xcode.DebuggerFoundation.Debugger.LLDB"
      selectedLauncherIdentifier = "Xcode.DebuggerFoundation.Launcher.LLDB"
      launchStyle = "0"
      useCustomWorkingDirectory = "NO"
      buildConfiguration = "Debug"
      ignoresPersistentStateOnLaunch = "NO"
      debugDocumentVersioning = "YES"
      allowLocationSimulation = "YES"
      launchAutomaticallySubstyle = "4">
      <RemoteRunnable
         runnableDebuggingMode = "2"
         BundleIdentifier = "com.apple.springboard"
         RemotePath = "/Z8Remote">
         <BuildableReference
            BuildableIdentifier = "primary"
            BlueprintIdentifier = "E4D23C251B309421007EC846"
            BuildableName = "Z8Remote WatchKit App.app"
            BlueprintName = "Z8Remote WatchKit App"
            ReferencedContainer = "container:Z8Remote.xcodeproj">
         </BuildableReference>
      </RemoteRunnable>
      <MacroExpansion>
         <BuildableReference
            BuildableIdentifier = "primary"
            BlueprintIdentifier = "E4D23C251B309421007EC846"
            BuildableName = "Z8Remote WatchKit App.app"
            BlueprintName = "Z8Remote WatchKit App"
            ReferencedContainer = "container:Z8Remote.xcodeproj">
         </BuildableReference>
      </MacroExpansion>
      <AdditionalOptions>
      </AdditionalOptions>
   </LaunchAction>
   <ProfileAction
      shouldUseLaunchSchemeArgsEnv = "YES"
      savedToolIdentifier = ""
      useCustomWorkingDirectory = "NO"
      buildConfiguration = "Release"
      debugDocumentVersioning = "YES"
      launchAutomaticallySubstyle = "4">
      <RemoteRunnable
         runnableDebuggingMode = "2"
         BundleIdentifier = "com.apple.springboard"
         RemotePath = "/Z8Remote">
         <BuildableReference
            BuildableIdentifier = "primary"
            BlueprintIdentifier = "E4D23C251B309421007EC846"
            BuildableName = "Z8Remote WatchKit App.app"
            BlueprintName = "Z8Remote WatchKit App"
            ReferencedContainer = "container:Z8Remote.xcodeproj">
         </BuildableReference>
      </RemoteRunnable>
      <MacroExpansion>
         <BuildableReference
            BuildableIdentifier = "primary"
            BlueprintIdentifier = "E4D23C251B309421007EC846"
            BuildableName = "Z8Remote WatchKit App.app"
            BlueprintName = "Z8Remote WatchKit App"
            ReferencedContainer = "container:Z8Remote.xcodeproj">
         </BuildableReference>
      </MacroExpansion>
   </ProfileAction>
   <AnalyzeAction
      buildConfiguration = "Debug">
   </AnalyzeAction>
   <ArchiveAction
      buildConfiguration = "Release"
      revealArchiveInOrganizer = "YES">
   </ArchiveAction>
</Scheme>
